{
  "object": {
    "pins": [
      {
        "package": "COpenCL",
        "repositoryURL": "/home/ubuntu/COpenCL",
        "state": {
          "branch": null,
          "revision": "0db2fbf95d52f4a508604d76ce63601c2a68253e",
          "version": "1.0.0"
        }
      }
    ]
  },
  "version": 1
}
